Microsoft Visual Studio Solution File, Format Version 12.00
# Visual Studio 2012
Project("{FAE04EC0-301F-11D3-BF4B-00C04F79EFBC}") = "Spelldagger", "Spelldagger.csproj", "{69FC9BFD-DEDD-4BD0-ACF7-62EB64E9B992}"
EndProject
Global
	GlobalSection(SolutionConfigurationPlatforms) = preSolution
	Debug|Any CPU = Debug|Any CPU
	ExportDebug|Any CPU = ExportDebug|Any CPU
	ExportRelease|Any CPU = ExportRelease|Any CPU
	EndGlobalSection
	GlobalSection(ProjectConfigurationPlatforms) = postSolution
		{69FC9BFD-DEDD-4BD0-ACF7-62EB64E9B992}.Debug|Any CPU.ActiveCfg = Debug|Any CPU
		{69FC9BFD-DEDD-4BD0-ACF7-62EB64E9B992}.Debug|Any CPU.Build.0 = Debug|Any CPU
		{69FC9BFD-DEDD-4BD0-ACF7-62EB64E9B992}.ExportDebug|Any CPU.ActiveCfg = ExportDebug|Any CPU
		{69FC9BFD-DEDD-4BD0-ACF7-62EB64E9B992}.ExportDebug|Any CPU.Build.0 = ExportDebug|Any CPU
		{69FC9BFD-DEDD-4BD0-ACF7-62EB64E9B992}.ExportRelease|Any CPU.ActiveCfg = ExportRelease|Any CPU
		{69FC9BFD-DEDD-4BD0-ACF7-62EB64E9B992}.ExportRelease|Any CPU.Build.0 = ExportRelease|Any CPU
	EndGlobalSection
EndGlobal
